
Microsoft Visual Studio Solution File, Format Version 12.00
# Visual Studio Version 16
VisualStudioVersion = 16.0.31624.102
MinimumVisualStudioVersion = 10.0.40219.1
Project("{FAE04EC0-301F-11D3-BF4B-00C04F79EFBC}") = "Excel.Workboo", "Excel.Workboo.csproj", "{48D1F006-F4F9-478C-BF14-85C71D199F19}"
EndProject
Global
	GlobalSection(SolutionConfigurationPlatforms) = preSolution
		Debug|Any CPU = Debug|Any CPU
		Release|Any CPU = Release|Any CPU
	EndGlobalSection
	GlobalSection(ProjectConfigurationPlatforms) = postSolution
		{48D1F006-F4F9-478C-BF14-85C71D199F19}.Debug|Any CPU.ActiveCfg = Debug|Any CPU
		{48D1F006-F4F9-478C-BF14-85C71D199F19}.Debug|Any CPU.Build.0 = Debug|Any CPU
		{48D1F006-F4F9-478C-BF14-85C71D199F19}.Release|Any CPU.ActiveCfg = Release|Any CPU
		{48D1F006-F4F9-478C-BF14-85C71D199F19}.Release|Any CPU.Build.0 = Release|Any CPU
	EndGlobalSection
	GlobalSection(SolutionProperties) = preSolution
		HideSolutionNode = FALSE
	EndGlobalSection
	GlobalSection(ExtensibilityGlobals) = postSolution
		SolutionGuid = {D256A03A-DB6D-448E-B5DF-BD0009921159}
	EndGlobalSection
EndGlobal
